
Microsoft Visual Studio Solution File, Format Version 12.00
# Visual Studio 15
VisualStudioVersion = 15.0.27428.2015
MinimumVisualStudioVersion = 10.0.40219.1
Project("{FAE04EC0-301F-11D3-BF4B-00C04F79EFBC}") = "StockWatch", "StockWatch\StockWatch.csproj", "{2E291624-61DC-47E4-9AEC-0F745CC083B1}"
EndProject
Project("{FAE04EC0-301F-11D3-BF4B-00C04F79EFBC}") = "StockWatchConsole", "StockWatchConsole\StockWatchConsole.csproj", "{305AC8C3-B82E-4371-9A31-87FFEAEBD659}"
EndProject
Project("{FAE04EC0-301F-11D3-BF4B-00C04F79EFBC}") = "StockHistoryScraper", "StockHistoryScraper\StockHistoryScraper.csproj", "{384CB173-6695-4C03-911D-AC57ADD7AF74}"
EndProject
Project("{FAE04EC0-301F-11D3-BF4B-00C04F79EFBC}") = "StockPredictor", "StockPredictor\StockPredictor.csproj", "{E1096077-EEAE-4E3F-B68C-CD41058DF8E6}"
EndProject
Project("{FAE04EC0-301F-11D3-BF4B-00C04F79EFBC}") = "AlphaVantageApi", "AlphaVantageApi\AlphaVantageApi.csproj", "{7B0327E8-DE5A-43DF-B7B3-F5EFE112928E}"
EndProject
Project("{FAE04EC0-301F-11D3-BF4B-00C04F79EFBC}") = "AlphaVantageApiTests", "AlphaVantageApiTests\AlphaVantageApiTests.csproj", "{01A7DE3B-1F41-4BBF-9FB6-AB3B44BD33AF}"
EndProject
Project("{FAE04EC0-301F-11D3-BF4B-00C04F79EFBC}") = "Common", "Common\Common.csproj", "{E097A465-D783-4B1E-819C-703C3BFB7EED}"
EndProject
Project("{00D1A9C2-B5F0-4AF3-8072-F6C62B433612}") = "StockWatchDb", "StockWatchDb\StockWatchDb.sqlproj", "{126291F8-7909-4176-87B6-2A0EFE124213}"
EndProject
Project("{FAE04EC0-301F-11D3-BF4B-00C04F79EFBC}") = "StockWatchData", "StockWatchData\StockWatchData.csproj", "{604E59CC-BF85-45F1-9BB2-6D03379BC093}"
EndProject
Project("{FAE04EC0-301F-11D3-BF4B-00C04F79EFBC}") = "CommonTests", "CommonTests\CommonTests.csproj", "{A6D334CF-23F4-431B-8A05-2E4B28116381}"
EndProject
Global
	GlobalSection(SolutionConfigurationPlatforms) = preSolution
		Debug|Any CPU = Debug|Any CPU
		Release|Any CPU = Release|Any CPU
	EndGlobalSection
	GlobalSection(ProjectConfigurationPlatforms) = postSolution
		{2E291624-61DC-47E4-9AEC-0F745CC083B1}.Debug|Any CPU.ActiveCfg = Debug|Any CPU
		{2E291624-61DC-47E4-9AEC-0F745CC083B1}.Debug|Any CPU.Build.0 = Debug|Any CPU
		{2E291624-61DC-47E4-9AEC-0F745CC083B1}.Release|Any CPU.ActiveCfg = Release|Any CPU
		{2E291624-61DC-47E4-9AEC-0F745CC083B1}.Release|Any CPU.Build.0 = Release|Any CPU
		{305AC8C3-B82E-4371-9A31-87FFEAEBD659}.Debug|Any CPU.ActiveCfg = Debug|Any CPU
		{305AC8C3-B82E-4371-9A31-87FFEAEBD659}.Debug|Any CPU.Build.0 = Debug|Any CPU
		{305AC8C3-B82E-4371-9A31-87FFEAEBD659}.Release|Any CPU.ActiveCfg = Release|Any CPU
		{305AC8C3-B82E-4371-9A31-87FFEAEBD659}.Release|Any CPU.Build.0 = Release|Any CPU
		{384CB173-6695-4C03-911D-AC57ADD7AF74}.Debug|Any CPU.ActiveCfg = Debug|Any CPU
		{384CB173-6695-4C03-911D-AC57ADD7AF74}.Debug|Any CPU.Build.0 = Debug|Any CPU
		{384CB173-6695-4C03-911D-AC57ADD7AF74}.Release|Any CPU.ActiveCfg = Release|Any CPU
		{384CB173-6695-4C03-911D-AC57ADD7AF74}.Release|Any CPU.Build.0 = Release|Any CPU
		{E1096077-EEAE-4E3F-B68C-CD41058DF8E6}.Debug|Any CPU.ActiveCfg = Debug|Any CPU
		{E1096077-EEAE-4E3F-B68C-CD41058DF8E6}.Debug|Any CPU.Build.0 = Debug|Any CPU
		{E1096077-EEAE-4E3F-B68C-CD41058DF8E6}.Release|Any CPU.ActiveCfg = Release|Any CPU
		{E1096077-EEAE-4E3F-B68C-CD41058DF8E6}.Release|Any CPU.Build.0 = Release|Any CPU
		{7B0327E8-DE5A-43DF-B7B3-F5EFE112928E}.Debug|Any CPU.ActiveCfg = Debug|Any CPU
		{7B0327E8-DE5A-43DF-B7B3-F5EFE112928E}.Debug|Any CPU.Build.0 = Debug|Any CPU
		{7B0327E8-DE5A-43DF-B7B3-F5EFE112928E}.Release|Any CPU.ActiveCfg = Release|Any CPU
		{7B0327E8-DE5A-43DF-B7B3-F5EFE112928E}.Release|Any CPU.Build.0 = Release|Any CPU
		{01A7DE3B-1F41-4BBF-9FB6-AB3B44BD33AF}.Debug|Any CPU.ActiveCfg = Debug|Any CPU
		{01A7DE3B-1F41-4BBF-9FB6-AB3B44BD33AF}.Debug|Any CPU.Build.0 = Debug|Any CPU
		{01A7DE3B-1F41-4BBF-9FB6-AB3B44BD33AF}.Release|Any CPU.ActiveCfg = Release|Any CPU
		{01A7DE3B-1F41-4BBF-9FB6-AB3B44BD33AF}.Release|Any CPU.Build.0 = Release|Any CPU
		{E097A465-D783-4B1E-819C-703C3BFB7EED}.Debug|Any CPU.ActiveCfg = Debug|Any CPU
		{E097A465-D783-4B1E-819C-703C3BFB7EED}.Debug|Any CPU.Build.0 = Debug|Any CPU
		{E097A465-D783-4B1E-819C-703C3BFB7EED}.Release|Any CPU.ActiveCfg = Release|Any CPU
		{E097A465-D783-4B1E-819C-703C3BFB7EED}.Release|Any CPU.Build.0 = Release|Any CPU
		{126291F8-7909-4176-87B6-2A0EFE124213}.Debug|Any CPU.ActiveCfg = Debug|Any CPU
		{126291F8-7909-4176-87B6-2A0EFE124213}.Debug|Any CPU.Build.0 = Debug|Any CPU
		{126291F8-7909-4176-87B6-2A0EFE124213}.Debug|Any CPU.Deploy.0 = Debug|Any CPU
		{126291F8-7909-4176-87B6-2A0EFE124213}.Release|Any CPU.ActiveCfg = Release|Any CPU
		{126291F8-7909-4176-87B6-2A0EFE124213}.Release|Any CPU.Build.0 = Release|Any CPU
		{126291F8-7909-4176-87B6-2A0EFE124213}.Release|Any CPU.Deploy.0 = Release|Any CPU
		{604E59CC-BF85-45F1-9BB2-6D03379BC093}.Debug|Any CPU.ActiveCfg = Debug|Any CPU
		{604E59CC-BF85-45F1-9BB2-6D03379BC093}.Debug|Any CPU.Build.0 = Debug|Any CPU
		{604E59CC-BF85-45F1-9BB2-6D03379BC093}.Release|Any CPU.ActiveCfg = Release|Any CPU
		{604E59CC-BF85-45F1-9BB2-6D03379BC093}.Release|Any CPU.Build.0 = Release|Any CPU
		{A6D334CF-23F4-431B-8A05-2E4B28116381}.Debug|Any CPU.ActiveCfg = Debug|Any CPU
		{A6D334CF-23F4-431B-8A05-2E4B28116381}.Debug|Any CPU.Build.0 = Debug|Any CPU
		{A6D334CF-23F4-431B-8A05-2E4B28116381}.Release|Any CPU.ActiveCfg = Release|Any CPU
		{A6D334CF-23F4-431B-8A05-2E4B28116381}.Release|Any CPU.Build.0 = Release|Any CPU
	EndGlobalSection
	GlobalSection(SolutionProperties) = preSolution
		HideSolutionNode = FALSE
	EndGlobalSection
	GlobalSection(ExtensibilityGlobals) = postSolution
		SolutionGuid = {56A34A66-728B-409D-993C-48A27114574E}
	EndGlobalSection
EndGlobal
